// !$*UTF8*$!
{
	archiveVersion = 1;
	classes = {
	};
	objectVersion = 77;
	objects = {

/* Begin PBXBuildFile section */
		AA000001 /* MobProvision.swift in Sources */ = {isa = PBXBuildFile; fileRef = AA000002 /* MobProvision.swift */; };
/* End PBXBuildFile section */

/* Begin PBXFileReference section */
		AA000002 /* MobProvision.swift */ = {isa = PBXFileReference; lastKnownFileType = sourcecode.swift; path = MobProvision.swift; sourceTree = "<group>"; };
		AA000003 /* MobProvision.app */ = {isa = PBXFileReference; explicitFileType = wrapper.application; includeInIndex = 0; path = MobProvision.app; sourceTree = BUILT_PRODUCTS_DIR; };
/* End PBXFileReference section */

/* Begin PBXGroup section */
		AA000004 = {
			isa = PBXGroup;
			children = (
				AA000002 /* MobProvision.swift */,
				AA000005 /* Products */,
			);
			sourceTree = "<group>";
		};
		AA000005 /* Products */ = {
			isa = PBXGroup;
			children = (
				AA000003 /* MobProvision.app */,
			);
			name = Products;
			sourceTree = "<group>";
		};
/* End PBXGroup section */

/* Begin PBXNativeTarget section */
		AA000006 /* MobProvision */ = {
			isa = PBXNativeTarget;
			buildConfigurationList = AA000007 /* Build configuration list for PBXNativeTarget "MobProvision" */;
			buildPhases = (
				AA000008 /* Sources */,
			);
			buildRules = (
			);
			dependencies = (
			);
			name = MobProvision;
			productName = MobProvision;
			productReference = AA000003 /* MobProvision.app */;
			productType = "com.apple.product-type.application";
		};
/* End PBXNativeTarget section */

/* Begin PBXProject section */
		AA000009 /* Project object */ = {
			isa = PBXProject;
			attributes = {
				BuildIndependentTargetsInParallel = YES;
				LastUpgradeCheck = 1600;
			};
			buildConfigurationList = AA00000A /* Build configuration list for PBXProject "Provision" */;
			developmentRegion = en;
			hasScannedForEncodings = 0;
			knownRegions = (
				Base,
				en,
			);
			mainGroup = AA000004;
			productRefGroup = AA000005 /* Products */;
			projectDirPath = "";
			projectRoot = "";
			targets = (
				AA000006 /* MobProvision */,
			);
		};
/* End PBXProject section */

/* Begin PBXSourcesBuildPhase section */
		AA000008 /* Sources */ = {
			isa = PBXSourcesBuildPhase;
			buildActionMask = 2147483647;
			files = (
				AA000001 /* MobProvision.swift in Sources */,
			);
			runOnlyForDeploymentPostprocessing = 0;
		};
/* End PBXSourcesBuildPhase section */

/* Begin XCBuildConfiguration section */
		AA00000B /* Debug */ = {
			isa = XCBuildConfiguration;
			buildSettings = {
				CODE_SIGN_STYLE = Automatic;
				DEVELOPMENT_TEAM = 8SN5X4XWC5;
				GENERATE_INFOPLIST_FILE = YES;
				INFOPLIST_KEY_UIApplicationSceneManifest_Generation = YES;
				INFOPLIST_KEY_UILaunchScreen_Generation = YES;
				IPHONEOS_DEPLOYMENT_TARGET = 17.0;
				PRODUCT_BUNDLE_IDENTIFIER = app.handbeam.ios;
				PRODUCT_NAME = MobProvision;
				SDKROOT = iphoneos;
				SWIFT_VERSION = 5.9;
				TARGETED_DEVICE_FAMILY = "1,2";
			};
			name = Debug;
		};
		AA00000C /* Release */ = {
			isa = XCBuildConfiguration;
			buildSettings = {
				CODE_SIGN_STYLE = Manual;
				CODE_SIGN_IDENTITY = "Apple Distribution";
				"CODE_SIGN_IDENTITY[sdk=iphoneos*]" = "Apple Distribution";
				DEVELOPMENT_TEAM = 8SN5X4XWC5;
				PROVISIONING_PROFILE_SPECIFIER = "iOS Team Store Provisioning Profile: app.handbeam.";
				GENERATE_INFOPLIST_FILE = YES;
				INFOPLIST_KEY_UIApplicationSceneManifest_Generation = YES;
				INFOPLIST_KEY_UILaunchScreen_Generation = YES;
				IPHONEOS_DEPLOYMENT_TARGET = 17.0;
				PRODUCT_BUNDLE_IDENTIFIER = app.handbeam.ios;
				PRODUCT_NAME = MobProvision;
				SDKROOT = iphoneos;
				SWIFT_VERSION = 5.9;
				TARGETED_DEVICE_FAMILY = "1,2";
			};
			name = Release;
		};
		AA00000D /* Debug */ = {
			isa = XCBuildConfiguration;
			buildSettings = {
				ALWAYS_SEARCH_USER_PATHS = NO;
				SDKROOT = iphoneos;
			};
			name = Debug;
		};
		AA00000E /* Release */ = {
			isa = XCBuildConfiguration;
			buildSettings = {
				ALWAYS_SEARCH_USER_PATHS = NO;
				SDKROOT = iphoneos;
			};
			name = Release;
		};
/* End XCBuildConfiguration section */

/* Begin XCConfigurationList section */
		AA000007 /* Build configuration list for PBXNativeTarget "MobProvision" */ = {
			isa = XCConfigurationList;
			buildConfigurations = (
				AA00000B /* Debug */,
				AA00000C /* Release */,
			);
			defaultConfigurationIsVisible = 0;
			defaultConfigurationName = Debug;
		};
		AA00000A /* Build configuration list for PBXProject "Provision" */ = {
			isa = XCConfigurationList;
			buildConfigurations = (
				AA00000D /* Debug */,
				AA00000E /* Release */,
			);
			defaultConfigurationIsVisible = 0;
			defaultConfigurationName = Debug;
		};
/* End XCConfigurationList section */
	};
	rootObject = AA000009 /* Project object */;
}
